
Microsoft Visual Studio Solution File, Format Version 12.00
# Visual Studio Version 17
VisualStudioVersion = 17.5.002.0
MinimumVisualStudioVersion = 10.0.40219.1
Project("{9A19103F-16F7-4668-BE54-9A1E7A4F7556}") = "AndOS.Core", "AndOS.Core.csproj", "{59455989-5E20-4BE3-BDB1-293A24797BC7}"
EndProject
Global
	GlobalSection(SolutionConfigurationPlatforms) = preSolution
		Debug|Any CPU = Debug|Any CPU
		Release|Any CPU = Release|Any CPU
	EndGlobalSection
	GlobalSection(ProjectConfigurationPlatforms) = postSolution
		{59455989-5E20-4BE3-BDB1-293A24797BC7}.Debug|Any CPU.ActiveCfg = Debug|Any CPU
		{59455989-5E20-4BE3-BDB1-293A24797BC7}.Debug|Any CPU.Build.0 = Debug|Any CPU
		{59455989-5E20-4BE3-BDB1-293A24797BC7}.Release|Any CPU.ActiveCfg = Release|Any CPU
		{59455989-5E20-4BE3-BDB1-293A24797BC7}.Release|Any CPU.Build.0 = Release|Any CPU
	EndGlobalSection
	GlobalSection(SolutionProperties) = preSolution
		HideSolutionNode = FALSE
	EndGlobalSection
	GlobalSection(ExtensibilityGlobals) = postSolution
		SolutionGuid = {621E8647-98CD-49DC-B5DC-D0139FFBE667}
	EndGlobalSection
EndGlobal
